
Microsoft Visual Studio Solution File, Format Version 12.00
# Visual Studio Version 16
VisualStudioVersion = 16.0.29102.190
MinimumVisualStudioVersion = 10.0.40219.1
Project("{FAE04EC0-301F-11D3-BF4B-00C04F79EFBC}") = "FiguresWF", "FiguresWF.csproj", "{A757C749-79D6-497A-BCB7-E5FF17853F57}"
EndProject
Global
	GlobalSection(SolutionConfigurationPlatforms) = preSolution
		Debug|Any CPU = Debug|Any CPU
		Release|Any CPU = Release|Any CPU
	EndGlobalSection
	GlobalSection(ProjectConfigurationPlatforms) = postSolution
		{A757C749-79D6-497A-BCB7-E5FF17853F57}.Debug|Any CPU.ActiveCfg = Debug|Any CPU
		{A757C749-79D6-497A-BCB7-E5FF17853F57}.Debug|Any CPU.Build.0 = Debug|Any CPU
		{A757C749-79D6-497A-BCB7-E5FF17853F57}.Release|Any CPU.ActiveCfg = Release|Any CPU
		{A757C749-79D6-497A-BCB7-E5FF17853F57}.Release|Any CPU.Build.0 = Release|Any CPU
	EndGlobalSection
	GlobalSection(SolutionProperties) = preSolution
		HideSolutionNode = FALSE
	EndGlobalSection
	GlobalSection(ExtensibilityGlobals) = postSolution
		SolutionGuid = {D23A2F24-3D48-45FD-BFAF-70E27F1D4B94}
	EndGlobalSection
EndGlobal
