
Microsoft Visual Studio Solution File, Format Version 12.00
# Visual Studio Version 16
VisualStudioVersion = 16.0.29102.190
MinimumVisualStudioVersion = 10.0.40219.1
Project("{FAE04EC0-301F-11D3-BF4B-00C04F79EFBC}") = "AbstractFactory", "AbstractFactory.csproj", "{633C90ED-42BC-433E-9D08-B70531F86D60}"
EndProject
Global
	GlobalSection(SolutionConfigurationPlatforms) = preSolution
		Debug|Any CPU = Debug|Any CPU
		Release|Any CPU = Release|Any CPU
	EndGlobalSection
	GlobalSection(ProjectConfigurationPlatforms) = postSolution
		{633C90ED-42BC-433E-9D08-B70531F86D60}.Debug|Any CPU.ActiveCfg = Debug|Any CPU
		{633C90ED-42BC-433E-9D08-B70531F86D60}.Debug|Any CPU.Build.0 = Debug|Any CPU
		{633C90ED-42BC-433E-9D08-B70531F86D60}.Release|Any CPU.ActiveCfg = Release|Any CPU
		{633C90ED-42BC-433E-9D08-B70531F86D60}.Release|Any CPU.Build.0 = Release|Any CPU
	EndGlobalSection
	GlobalSection(SolutionProperties) = preSolution
		HideSolutionNode = FALSE
	EndGlobalSection
	GlobalSection(ExtensibilityGlobals) = postSolution
		SolutionGuid = {D0789D08-D5D3-448E-96A9-F8BF5D2FFF85}
	EndGlobalSection
EndGlobal
